Name: CLOCK
Type: FolderType
Children:
- Name: HMI50DateTimeConfiguratorDialog
  Id: g=fcfc39e1255eb2047727bdc5d1b169b7
  Supertype: Dialog
  ReferenceType: HasComponent
  Children:
  - Class: Reference
    Target: ns=7;i=519
    Direction: Forward
  - Name: Width
    Type: BaseVariableType
    DataType: Size
    ModellingRule: Optional
    Value: 580.0
  - Name: Height
    Type: BaseVariableType
    DataType: Size
    ModellingRule: Optional
    Value: 260.0
  - Name: DateTimeConfiguratorRectangle
    Type: Rectangle
    Children:
    - Name: Width
      Type: BaseVariableType
      DataType: Size
      Value: 50.0
    - Name: Height
      Type: BaseVariableType
      DataType: Size
      Value: 50.0
    - Name: BorderThickness
      Type: BaseDataVariableType
      DataType: Size
      Value: 1.0
    - Name: HorizontalAlignment
      Type: BaseVariableType
      DataType: HorizontalAlignment
      Value: 3
    - Name: VerticalAlignment
      Type: BaseVariableType
      DataType: VerticalAlignment
      Value: 3
    - Name: DateTimeConfiguratorLayout
      Type: ColumnLayout
      Children:
      - Name: Width
        Type: BaseVariableType
        DataType: Size
        Value: 50.0
      - Name: Height
        Type: BaseVariableType
        DataType: Size
        Value: 50.0
      - Name: TimeSynchronizationSection
        Type: RowLayout
        Children:
        - Name: Width
          Type: BaseVariableType
          DataType: Size
          Value: 50.0
        - Name: Height
          Type: BaseVariableType
          DataType: Size
          Value: 50.0
        - Name: HorizontalAlignment
          Type: BaseVariableType
          DataType: HorizontalAlignment
          Value: 3
        - Name: VerticalAlignment
          Type: BaseVariableType
          DataType: VerticalAlignment
          Value: 3
        - Name: TimeSynchronization
          Type: Label
          Children:
          - Name: Text
            Type: BaseDataVariableType
            DataType: LocalizedText
            Value: {"NamespaceIndex":4,"TextId":"TimeSynchronizationMode"}
          - Name: Width
            Type: BaseVariableType
            DataType: Size
            Value: 180.0
          - Name: VerticalAlignment
            Type: BaseVariableType
            DataType: VerticalAlignment
            Value: 2
        - Name: TimeSynchronizationModeComboBox
          Type: ComboBox
          Children:
          - Class: Reference
            Target: ns=7;i=480
            Direction: Forward
          - Name: Text
            Type: BaseDataVariableType
            DataType: LocalizedText
            Value: {"NamespaceIndex":-1,"LocaleId":"","Text":""}
          - Name: Model
            Type: NodePointer
            DataType: NodeId
            Value: {"IdType":0,"Id":0,"Namespace":-1}
            Children:
            - Name: ItemKind
              Type: PropertyType
              DataType: NodeId
              Value: {"IdType":0,"Id":0,"Namespace":-1}
            - Name: Kind
              Type: PropertyType
              DataType: NodeId
              Value: {"IdType":0,"Id":0,"Namespace":-1}
            - Name: DynamicLink
              Type: DataBind
              DataType: NodePath
              Value: "../../../TimeSynchronizationModes@NodeId"
          - Name: SelectedValue
            Type: BaseDataVariableType
            DataType: BaseDataType
          - Name: SelectedItem
            Type: NodePointer
            DataType: NodeId
            Value: {"IdType":0,"Id":0,"Namespace":-1}
            Children:
            - Name: Kind
              Type: PropertyType
              DataType: NodeId
              Value: {"IdType":0,"Id":0,"Namespace":-1}
          - Name: Width
            Type: BaseVariableType
            DataType: Size
            Value: 100.0
          - Name: Item
            Type: Alias
            DataType: NodeId
            Value: {"IdType":0,"Id":0,"Namespace":-1}
            Children:
            - Name: Kind
              Type: PropertyType
              DataType: NodeId
              Value: {"IdType":0,"Id":0,"Namespace":-1}
          - Name: HorizontalAlignment
            Type: BaseVariableType
            DataType: HorizontalAlignment
            Value: 3
          - Name: VerticalAlignment
            Type: BaseVariableType
            DataType: VerticalAlignment
            Value: 2
          - Name: DisplayValuePath
            Type: BaseDataVariableType
            DataType: LocalizedText
            Value: {"NamespaceIndex":-1,"LocaleId":"","Text":""}
            Children:
            - Name: DynamicLink
              Type: DataBind
              DataType: NodePath
              Value: "{Item}@DisplayName"
          - Name: SelectedValuePath
            Type: BaseDataVariableType
            DataType: BaseDataType
            Children:
            - Name: DynamicLink
              Type: DataBind
              DataType: NodePath
              Value: "{Item}@Value"
          - Name: Query
            Type: BaseDataVariableType
            DataType: String
            Value: ""
          - Name: UISelectedItem
            Type: BaseDataVariableType
            DataType: NodeId
            AccessLevel: Read
            Value: {"IdType":0,"Id":0,"Namespace":-1}
          - Name: UISelectedValue
            Type: BaseDataVariableType
            DataType: BaseDataType
            AccessLevel: Read
          - Name: Enabled
            Type: BaseDataVariableType
            DataType: Boolean
            ModellingRule: Optional
            Value: false
      - Name: RemoteNTPServerSection
        Type: RowLayout
        Children:
        - Name: Width
          Type: BaseVariableType
          DataType: Size
          Value: 50.0
        - Name: Height
          Type: BaseVariableType
          DataType: Size
          Value: 50.0
        - Name: HorizontalAlignment
          Type: BaseVariableType
          DataType: HorizontalAlignment
          Value: 3
        - Name: VerticalAlignment
          Type: BaseVariableType
          DataType: VerticalAlignment
          Value: 3
        - Name: RemoteNTPServer
          Type: Label
          Children:
          - Name: Text
            Type: BaseDataVariableType
            DataType: LocalizedText
            Value: {"NamespaceIndex":4,"TextId":"RemoteNTPServer"}
          - Name: Width
            Type: BaseVariableType
            DataType: Size
            Value: 180.0
          - Name: VerticalAlignment
            Type: BaseVariableType
            DataType: VerticalAlignment
            Value: 2
        - Name: RemoteNTPServerTextBox
          Type: TextBox
          Children:
          - Name: Text
            Type: BaseDataVariableType
            DataType: LocalizedText
            Value: {"NamespaceIndex":-1,"LocaleId":"","Text":""}
          - Name: Width
            Type: BaseVariableType
            DataType: Size
            Value: 110.0
          - Name: VerticalAlignment
            Type: BaseVariableType
            DataType: VerticalAlignment
            Value: 2
          - Name: HorizontalAlignment
            Type: BaseVariableType
            DataType: HorizontalAlignment
            Value: 3
          - Name: Enabled
            Type: BaseDataVariableType
            DataType: Boolean
            ModellingRule: Optional
            Value: false
      - Name: DateAndTimeSection
        Type: RowLayout
        Children:
        - Name: Width
          Type: BaseVariableType
          DataType: Size
          Value: 50.0
        - Name: Height
          Type: BaseVariableType
          DataType: Size
          Value: 50.0
        - Name: HorizontalAlignment
          Type: BaseVariableType
          DataType: HorizontalAlignment
          Value: 3
        - Name: VerticalAlignment
          Type: BaseVariableType
          DataType: VerticalAlignment
          Value: 3
        - Name: DateAndTimeLabel
          Type: Label
          Children:
          - Name: Text
            Type: BaseDataVariableType
            DataType: LocalizedText
            Value: {"NamespaceIndex":4,"TextId":"DateAndTime"}
          - Name: Width
            Type: BaseVariableType
            DataType: Size
            Value: 180.0
          - Name: VerticalAlignment
            Type: BaseVariableType
            DataType: VerticalAlignment
            Value: 2
        - Name: DateAndTimePicker
          Type: DateTimePicker
          Children:
          - Name: Value
            Type: BaseDataVariableType
            DataType: DateTime
            Value: "1601-01-01T00:00:00.0000000"
          - Name: HorizontalAlignment
            Type: BaseVariableType
            DataType: HorizontalAlignment
            Value: 3
          - Name: VerticalAlignment
            Type: BaseVariableType
            DataType: VerticalAlignment
            Value: 2
          - Name: InputFormat
            Type: BaseDataVariableType
            DataType: DateTimePickerInputFormatEnum
            ModellingRule: Optional
            Value: 1
      - Name: TimeZoneSection
        Type: RowLayout
        Children:
        - Name: Width
          Type: BaseVariableType
          DataType: Size
          Value: 50.0
        - Name: Height
          Type: BaseVariableType
          DataType: Size
          Value: 50.0
        - Name: HorizontalAlignment
          Type: BaseVariableType
          DataType: HorizontalAlignment
          Value: 3
        - Name: VerticalAlignment
          Type: BaseVariableType
          DataType: VerticalAlignment
          Value: 3
        - Name: TimeZoneLabel
          Type: Label
          Children:
          - Name: Text
            Type: BaseDataVariableType
            DataType: LocalizedText
            Value: {"NamespaceIndex":4,"TextId":"TimeZone"}
          - Name: Width
            Type: BaseVariableType
            DataType: Size
            Value: 180.0
          - Name: VerticalAlignment
            Type: BaseVariableType
            DataType: VerticalAlignment
            Value: 2
        - Name: TimeZoneComboBox
          Type: ComboBox
          Children:
          - Class: Reference
            Target: ns=7;i=480
            Direction: Forward
          - Name: Text
            Type: BaseDataVariableType
            DataType: LocalizedText
            Value: {"NamespaceIndex":-1,"LocaleId":"","Text":""}
          - Name: Model
            Type: NodePointer
            DataType: NodeId
            Value: {"IdType":0,"Id":0,"Namespace":-1}
            Children:
            - Name: ItemKind
              Type: PropertyType
              DataType: NodeId
              Value: {"IdType":0,"Id":0,"Namespace":-1}
            - Name: Kind
              Type: PropertyType
              DataType: NodeId
              Value: {"IdType":0,"Id":0,"Namespace":-1}
            - Name: DynamicLink
              Type: DataBind
              DataType: NodePath
              Value: "../../../TimeZonesEnumeration@NodeId"
          - Name: SelectedValue
            Type: BaseDataVariableType
            DataType: BaseDataType
          - Name: SelectedItem
            Type: NodePointer
            DataType: NodeId
            Value: {"IdType":0,"Id":0,"Namespace":-1}
            Children:
            - Name: Kind
              Type: PropertyType
              DataType: NodeId
              Value: {"IdType":0,"Id":0,"Namespace":-1}
          - Name: Width
            Type: BaseVariableType
            DataType: Size
            Value: 100.0
          - Name: Item
            Type: Alias
            DataType: NodeId
            Value: {"IdType":0,"Id":0,"Namespace":-1}
            Children:
            - Name: Kind
              Type: PropertyType
              DataType: NodeId
              Value: {"IdType":0,"Id":0,"Namespace":-1}
          - Name: HorizontalAlignment
            Type: BaseVariableType
            DataType: HorizontalAlignment
            Value: 3
          - Name: VerticalAlignment
            Type: BaseVariableType
            DataType: VerticalAlignment
            Value: 2
          - Name: DisplayValuePath
            Type: BaseDataVariableType
            DataType: LocalizedText
            Value: {"NamespaceIndex":-1,"LocaleId":"","Text":""}
            Children:
            - Name: DynamicLink
              Type: DataBind
              DataType: NodePath
              Value: "{Item}@DisplayName"
          - Name: SelectedValuePath
            Type: BaseDataVariableType
            DataType: BaseDataType
            Children:
            - Name: DynamicLink
              Type: DataBind
              DataType: NodePath
              Value: "{Item}@Value"
          - Name: UISelectedItem
            Type: BaseDataVariableType
            DataType: NodeId
            AccessLevel: Read
            Value: {"IdType":0,"Id":0,"Namespace":-1}
          - Name: UISelectedValue
            Type: BaseDataVariableType
            DataType: BaseDataType
            AccessLevel: Read
          - Name: Enabled
            Type: BaseDataVariableType
            DataType: Boolean
            ModellingRule: Optional
            Value: false
      - Name: HorizontalAlignment
        Type: BaseVariableType
        DataType: HorizontalAlignment
        Value: 3
      - Name: VerticalAlignment
        Type: BaseVariableType
        DataType: VerticalAlignment
        Value: 3
      - Name: LocalNTPServerInterfacesSection
        Type: RowLayout
        Children:
        - Name: Width
          Type: BaseVariableType
          DataType: Size
          Value: 50.0
        - Name: Height
          Type: BaseVariableType
          DataType: Size
          Value: 50.0
        - Name: HorizontalAlignment
          Type: BaseVariableType
          DataType: HorizontalAlignment
          Value: 3
        - Name: VerticalAlignment
          Type: BaseVariableType
          DataType: VerticalAlignment
          Value: 3
        - Name: LocalNTPServerInterfacesLabel
          Type: Label
          Children:
          - Name: Text
            Type: BaseDataVariableType
            DataType: LocalizedText
            Value: {"NamespaceIndex":4,"TextId":"LocalNTPServerInterfaces"}
          - Name: Width
            Type: BaseVariableType
            DataType: Size
            Value: 180.0
          - Name: VerticalAlignment
            Type: BaseVariableType
            DataType: VerticalAlignment
            Value: 2
        - Name: WiFi
          Type: CheckBox
          Children:
          - Name: Checked
            Type: BaseDataVariableType
            DataType: Boolean
            Value: false
          - Name: Text
            Type: BaseDataVariableType
            DataType: LocalizedText
            Value: {"LocaleId":"en-US","Text":"Wi-Fi"}
          - Name: VerticalAlignment
            Type: BaseVariableType
            DataType: VerticalAlignment
            Value: 2
          - Name: Enabled
            Type: BaseDataVariableType
            DataType: Boolean
            ModellingRule: Optional
            Value: false
        - Name: WAN
          Type: CheckBox
          Children:
          - Name: Checked
            Type: BaseDataVariableType
            DataType: Boolean
            Value: false
          - Name: Text
            Type: BaseDataVariableType
            DataType: LocalizedText
            Value: {"LocaleId":"en-US","Text":"WAN"}
          - Name: VerticalAlignment
            Type: BaseVariableType
            DataType: VerticalAlignment
            Value: 2
          - Name: LeftMargin
            Type: BaseVariableType
            DataType: Size
            Value: 10.0
          - Name: Enabled
            Type: BaseDataVariableType
            DataType: Boolean
            ModellingRule: Optional
            Value: false
        - Name: LAN
          Type: CheckBox
          Children:
          - Name: Checked
            Type: BaseDataVariableType
            DataType: Boolean
            Value: false
          - Name: Text
            Type: BaseDataVariableType
            DataType: LocalizedText
            Value: {"NamespaceIndex":4,"TextId":"LAN "}
          - Name: VerticalAlignment
            Type: BaseVariableType
            DataType: VerticalAlignment
            Value: 2
          - Name: LeftMargin
            Type: BaseVariableType
            DataType: Size
            Value: 10.0
          - Name: TopMargin
            Type: BaseVariableType
            DataType: Size
            Value: 0.0
          - Name: Enabled
            Type: BaseDataVariableType
            DataType: Boolean
            ModellingRule: Optional
            Value: false
      - Name: LeftMargin
        Type: BaseVariableType
        DataType: Size
        Value: 5.0
      - Name: TopMargin
        Type: BaseVariableType
        DataType: Size
        Value: 5.0
      - Name: RightMargin
        Type: BaseVariableType
        DataType: Size
        Value: 5.0
      - Name: BottomMargin
        Type: BaseVariableType
        DataType: Size
        Value: 5.0
      - Name: ButtonsBar
        Type: RowLayout
        Children:
        - Name: Width
          Type: BaseVariableType
          DataType: Size
          Value: 50.0
        - Name: Apply
          Type: Button
          Children:
          - Name: Width
            Type: BaseVariableType
            DataType: Size
            Value: 100.0
          - Name: MouseclickEventhandler1
            Type: EventHandler
            Children:
            - Name: ListenEventType
              Type: PropertyType
              DataType: NodeId
              Value: {"Id":16,"Namespace":7}
            - Name: MethodsToCall
              Type: BaseObjectType
              Children:
              - Name: MethodContainer3
                Type: BaseObjectType
                Children:
                - Name: ObjectPointer
                  Type: NodePointer
                  DataType: NodeId
                  Value: {"IdType":0,"Id":0,"Namespace":-1}
                  Children:
                  - Name: Kind
                    Type: PropertyType
                    DataType: NodeId
                    Value: {"Id":58}
                  - Name: DynamicLink
                    Type: DataBind
                    DataType: NodePath
                    Value: "../../../../../../DateTimeConfiguratorLogic@NodeId"
                    Children:
                    - Name: Mode
                      Type: BaseVariableType
                      DataType: DataBindModeType
                      Value: 2
                - Name: Method
                  Type: BaseDataVariableType
                  DataType: String
                  Value: "ApplyDateTimeConfiguration"
            - Name: EventArguments
              Type: MouseClickEvent
              Children:
              - Name: EventId
                Type: PropertyType
                DataType: ByteString
                Value: ""
              - Name: EventType
                Type: PropertyType
                DataType: NodeId
                Value: {"IdType":0,"Id":0,"Namespace":-1}
              - Name: SourceNode
                Type: PropertyType
                DataType: NodeId
                Value: {"IdType":0,"Id":0,"Namespace":-1}
              - Name: SourceName
                Type: PropertyType
                DataType: String
                Value: ""
              - Name: Time
                Type: PropertyType
                DataType: UtcTime
                Value: "1601-01-01T00:00:00.0000000"
              - Name: ReceiveTime
                Type: PropertyType
                DataType: UtcTime
                Value: "1601-01-01T00:00:00.0000000"
              - Name: Message
                Type: PropertyType
                DataType: LocalizedText
                Value: {"NamespaceIndex":-1,"LocaleId":"","Text":""}
              - Name: Severity
                Type: PropertyType
                DataType: UInt16
                Value: 0
          - Name: Text
            Type: BaseDataVariableType
            DataType: LocalizedText
            Value: {"NamespaceIndex":4,"TextId":"Apply"}
          - Name: ImagePosition
            Type: BaseDataVariableType
            DataType: Position
            Value: 4
          - Name: HorizontalAlignment
            Type: BaseVariableType
            DataType: HorizontalAlignment
            Value: 0
        - Name: Close
          Type: Button
          Children:
          - Name: Text
            Type: BaseDataVariableType
            DataType: LocalizedText
            Value: {"NamespaceIndex":4,"TextId":"Close"}
          - Name: Width
            Type: BaseVariableType
            DataType: Size
            Value: 100.0
          - Name: EventoMouseclickhandler1
            Type: EventHandler
            Children:
            - Name: ListenEventType
              Type: PropertyType
              DataType: NodeId
              Value: {"Id":16,"Namespace":7}
            - Name: MethodsToCall
              Type: BaseObjectType
              Children:
              - Name: MethodContainer1
                Type: BaseObjectType
                Children:
                - Name: ObjectPointer
                  Type: NodePointer
                  DataType: NodeId
                  Value: {"Id":121,"Namespace":7}
                  Children:
                  - Name: Kind
                    Type: PropertyType
                    DataType: NodeId
                    Value: {"Id":58}
                  - Name: DynamicLink
                    Type: DataBind
                    DataType: NodePath
                    Value: "../../../../../../../..@NodeId"
                    Children:
                    - Name: Mode
                      Type: BaseVariableType
                      DataType: DataBindModeType
                      Value: 2
                - Name: Method
                  Type: BaseDataVariableType
                  DataType: String
                  Value: "Close"
            - Name: EventArguments
              Type: MouseClickEvent
              Children:
              - Name: EventId
                Type: PropertyType
                DataType: ByteString
                Value: ""
              - Name: EventType
                Type: PropertyType
                DataType: NodeId
                Value: {"IdType":0,"Id":0,"Namespace":-1}
              - Name: SourceNode
                Type: PropertyType
                DataType: NodeId
                Value: {"IdType":0,"Id":0,"Namespace":-1}
              - Name: SourceName
                Type: PropertyType
                DataType: String
                Value: ""
              - Name: Time
                Type: PropertyType
                DataType: UtcTime
                Value: "1601-01-01T00:00:00.0000000"
              - Name: ReceiveTime
                Type: PropertyType
                DataType: UtcTime
                Value: "1601-01-01T00:00:00.0000000"
              - Name: Message
                Type: PropertyType
                DataType: LocalizedText
                Value: {"NamespaceIndex":-1,"LocaleId":"","Text":""}
              - Name: Severity
                Type: PropertyType
                DataType: UInt16
                Value: 0
          - Name: HorizontalAlignment
            Type: BaseVariableType
            DataType: HorizontalAlignment
            Value: 1
          - Name: TopMargin
            Type: BaseVariableType
            DataType: Size
            Value: 0.0
          - Name: LeftMargin
            Type: BaseVariableType
            DataType: Size
            Value: 10.0
        - Name: HorizontalAlignment
          Type: BaseVariableType
          DataType: HorizontalAlignment
          Value: 3
        - Name: ContentAlignment
          Type: BaseVariableType
          DataType: ContentHorizontalAlignment
          Value: 2
        - Name: TopMargin
          Type: BaseVariableType
          DataType: Size
          Value: 5.0
      - Name: DateTimeConfiguratorLogic
        Type: NetLogic
        Children:
        - Class: Method
          Name: ApplyDateTimeConfiguration
      - Name: TimeZonesEnumeration
        Type: BaseObjectType
      - Name: TimeSynchronizationModes
        Type: BaseObjectType
        Children:
        - Name: Manual
          Type: BaseDataVariableType
          DataType: UInt32
          DisplayName: {"NamespaceIndex":4,"TextId":"ManualMode"}
          Value: 0
        - Name: Auto
          Type: BaseDataVariableType
          DataType: UInt32
          DisplayName: {"NamespaceIndex":4,"TextId":"AutoMode"}
          Value: 1
  - Name: SystemNode
    Type: Alias
    DataType: NodeId
    Value: {"IdType":2,"Id":"8394132195c5148236ad4a19cb8de461","Namespace":4}
    Children:
    - Name: Kind
      Type: PropertyType
      DataType: NodeId
      Value: {"Id":1,"Namespace":10}
